<Solution>
  <Folder Name="/src/">
    <Project Path="src/EmailSender.Api/EmailSender.Api.csproj" />
    <Project Path="src/EmailSender.Application/EmailSender.Application.csproj" />
    <Project Path="src/EmailSender.Domain/EmailSender.Domain.csproj" />
    <Project Path="src/EmailSender.Infrastructure/EmailSender.Infrastructure.csproj" />
  </Folder>
</Solution>
